// !$*UTF8*$!
{
	archiveVersion = 1;
	classes = {
	};
	objectVersion = 50;
	objects = {

/* Begin PBXBuildFile section */
		091EDC2E230DC0CA00DAE930 /* SourceModel.swift in Sources */ = {isa = PBXBuildFile; fileRef = 091EDC2D230DC0CA00DAE930 /* SourceModel.swift */; };
		091EDC30230DDCC900DAE930 /* CustomPlayer.xib in Resources */ = {isa = PBXBuildFile; fileRef = 091EDC2F230DDCC900DAE930 /* CustomPlayer.xib */; };
		091EDC32230DE36F00DAE930 /* PlayerModel.swift in Sources */ = {isa = PBXBuildFile; fileRef = 091EDC31230DE36F00DAE930 /* PlayerModel.swift */; };
		091EDC34230DE39600DAE930 /* PlayerView.swift in Sources */ = {isa = PBXBuildFile; fileRef = 091EDC33230DE39600DAE930 /* PlayerView.swift */; };
		091EDC36230DE71B00DAE930 /* DetailViewController.swift in Sources */ = {isa = PBXBuildFile; fileRef = 091EDC35230DE71B00DAE930 /* DetailViewController.swift */; };
		091EDC38230DF6F100DAE930 /* Video.swift in Sources */ = {isa = PBXBuildFile; fileRef = 091EDC37230DF6F100DAE930 /* Video.swift */; };
		091EDC3C230DFD2200DAE930 /* AppUtilities.swift in Sources */ = {isa = PBXBuildFile; fileRef = 091EDC3B230DFD2200DAE930 /* AppUtilities.swift */; };
		09289B9323146E0000176436 /* ListVCViewModel.swift in Sources */ = {isa = PBXBuildFile; fileRef = 09289B9223146E0000176436 /* ListVCViewModel.swift */; };
		09289B95231478CA00176436 /* PlayerViewController.swift in Sources */ = {isa = PBXBuildFile; fileRef = 09289B94231478CA00176436 /* PlayerViewController.swift */; };
		09289B972314991100176436 /* DetailVCViewModel.swift in Sources */ = {isa = PBXBuildFile; fileRef = 09289B962314991100176436 /* DetailVCViewModel.swift */; };
		09631FE323170F7200FB3790 /* ABCNews.jpg in Resources */ = {isa = PBXBuildFile; fileRef = 09631FE223170F7200FB3790 /* ABCNews.jpg */; };
		09C13A39230F40F70097DB39 /* Extensions+UIViewController.swift in Sources */ = {isa = PBXBuildFile; fileRef = 09C13A38230F40F70097DB39 /* Extensions+UIViewController.swift */; };
		09C13A3B230F4BD70097DB39 /* LoadingScreen.swift in Sources */ = {isa = PBXBuildFile; fileRef = 09C13A3A230F4BD70097DB39 /* LoadingScreen.swift */; };
		09C13A3D230F8BDD0097DB39 /* Extensions+UICollectionView.swift in Sources */ = {isa = PBXBuildFile; fileRef = 09C13A3C230F8BDD0097DB39 /* Extensions+UICollectionView.swift */; };
		09CF219F230F21CF00EB2661 /* MainListCollectionViewCell.swift in Sources */ = {isa = PBXBuildFile; fileRef = 09CF219E230F21CF00EB2661 /* MainListCollectionViewCell.swift */; };
		09CF21A2230F2C5900EB2661 /* videoStillFrame1.png in Resources */ = {isa = PBXBuildFile; fileRef = 09CF21A1230F2C5800EB2661 /* videoStillFrame1.png */; };
		09CF21A4230F398500EB2661 /* videoStillFrame2.png in Resources */ = {isa = PBXBuildFile; fileRef = 09CF21A3230F398500EB2661 /* videoStillFrame2.png */; };
		09D83B42230C7D47006222B8 /* AppDelegate.swift in Sources */ = {isa = PBXBuildFile; fileRef = 09D83B41230C7D47006222B8 /* AppDelegate.swift */; };
		09D83B44230C7D47006222B8 /* ListViewController.swift in Sources */ = {isa = PBXBuildFile; fileRef = 09D83B43230C7D47006222B8 /* ListViewController.swift */; };
		09D83B47230C7D47006222B8 /* Main.storyboard in Resources */ = {isa = PBXBuildFile; fileRef = 09D83B45230C7D47006222B8 /* Main.storyboard */; };
		09D83B49230C7D49006222B8 /* Assets.xcassets in Resources */ = {isa = PBXBuildFile; fileRef = 09D83B48230C7D49006222B8 /* Assets.xcassets */; };
		09D83B4C230C7D49006222B8 /* LaunchScreen.storyboard in Resources */ = {isa = PBXBuildFile; fileRef = 09D83B4A230C7D49006222B8 /* LaunchScreen.storyboard */; };
		09D83B57230C7D4A006222B8 /* RealEyes_CodingChallengeTests.swift in Sources */ = {isa = PBXBuildFile; fileRef = 09D83B56230C7D4A006222B8 /* RealEyes_CodingChallengeTests.swift */; };
/* End PBXBuildFile section */

/* Begin PBXContainerItemProxy section */
		09D83B53230C7D4A006222B8 /* PBXContainerItemProxy */ = {
			isa = PBXContainerItemProxy;
			containerPortal = 09D83B36230C7D47006222B8 /* Project object */;
			proxyType = 1;
			remoteGlobalIDString = 09D83B3D230C7D47006222B8;
			remoteInfo = RealEyes_CodingChallenge;
		};
/* End PBXContainerItemProxy section */

/* Begin PBXFileReference section */
		091EDC2D230DC0CA00DAE930 /* SourceModel.swift */ = {isa = PBXFileReference; lastKnownFileType = sourcecode.swift; path = SourceModel.swift; sourceTree = "<group>"; };
		091EDC2F230DDCC900DAE930 /* CustomPlayer.xib */ = {isa = PBXFileReference; lastKnownFileType = file.xib; path = CustomPlayer.xib; sourceTree = "<group>"; };
		091EDC31230DE36F00DAE930 /* PlayerModel.swift */ = {isa = PBXFileReference; lastKnownFileType = sourcecode.swift; name = PlayerModel.swift; path = ../Views/PlayerModel.swift; sourceTree = "<group>"; };
		091EDC33230DE39600DAE930 /* PlayerView.swift */ = {isa = PBXFileReference; lastKnownFileType = sourcecode.swift; path = PlayerView.swift; sourceTree = "<group>"; };
		091EDC35230DE71B00DAE930 /* DetailViewController.swift */ = {isa = PBXFileReference; lastKnownFileType = sourcecode.swift; path = DetailViewController.swift; sourceTree = "<group>"; };
		091EDC37230DF6F100DAE930 /* Video.swift */ = {isa = PBXFileReference; lastKnownFileType = sourcecode.swift; path = Video.swift; sourceTree = "<group>"; };
		091EDC3B230DFD2200DAE930 /* AppUtilities.swift */ = {isa = PBXFileReference; lastKnownFileType = sourcecode.swift; path = AppUtilities.swift; sourceTree = "<group>"; };
		09289B9223146E0000176436 /* ListVCViewModel.swift */ = {isa = PBXFileReference; lastKnownFileType = sourcecode.swift; path = ListVCViewModel.swift; sourceTree = "<group>"; };
		09289B94231478CA00176436 /* PlayerViewController.swift */ = {isa = PBXFileReference; lastKnownFileType = sourcecode.swift; path = PlayerViewController.swift; sourceTree = "<group>"; };
		09289B962314991100176436 /* DetailVCViewModel.swift */ = {isa = PBXFileReference; lastKnownFileType = sourcecode.swift; path = DetailVCViewModel.swift; sourceTree = "<group>"; };
		09631FE223170F7200FB3790 /* ABCNews.jpg */ = {isa = PBXFileReference; lastKnownFileType = image.jpeg; path = ABCNews.jpg; sourceTree = "<group>"; };
		09C13A38230F40F70097DB39 /* Extensions+UIViewController.swift */ = {isa = PBXFileReference; lastKnownFileType = sourcecode.swift; path = "Extensions+UIViewController.swift"; sourceTree = "<group>"; };
		09C13A3A230F4BD70097DB39 /* LoadingScreen.swift */ = {isa = PBXFileReference; lastKnownFileType = sourcecode.swift; path = LoadingScreen.swift; sourceTree = "<group>"; };
		09C13A3C230F8BDD0097DB39 /* Extensions+UICollectionView.swift */ = {isa = PBXFileReference; lastKnownFileType = sourcecode.swift; path = "Extensions+UICollectionView.swift"; sourceTree = "<group>"; };
		09CF219E230F21CF00EB2661 /* MainListCollectionViewCell.swift */ = {isa = PBXFileReference; lastKnownFileType = sourcecode.swift; path = MainListCollectionViewCell.swift; sourceTree = "<group>"; };
		09CF21A1230F2C5800EB2661 /* videoStillFrame1.png */ = {isa = PBXFileReference; lastKnownFileType = image.png; path = videoStillFrame1.png; sourceTree = "<group>"; };
		09CF21A3230F398500EB2661 /* videoStillFrame2.png */ = {isa = PBXFileReference; lastKnownFileType = image.png; path = videoStillFrame2.png; sourceTree = "<group>"; };
		09D83B3E230C7D47006222B8 /* RealEyes_CodingChallenge.app */ = {isa = PBXFileReference; explicitFileType = wrapper.application; includeInIndex = 0; path = RealEyes_CodingChallenge.app; sourceTree = BUILT_PRODUCTS_DIR; };
		09D83B41230C7D47006222B8 /* AppDelegate.swift */ = {isa = PBXFileReference; lastKnownFileType = sourcecode.swift; path = AppDelegate.swift; sourceTree = "<group>"; };
		09D83B43230C7D47006222B8 /* ListViewController.swift */ = {isa = PBXFileReference; lastKnownFileType = sourcecode.swift; path = ListViewController.swift; sourceTree = "<group>"; };
		09D83B46230C7D47006222B8 /* Base */ = {isa = PBXFileReference; lastKnownFileType = file.storyboard; name = Base; path = Base.lproj/Main.storyboard; sourceTree = "<group>"; };
		09D83B48230C7D49006222B8 /* Assets.xcassets */ = {isa = PBXFileReference; lastKnownFileType = folder.assetcatalog; path = Assets.xcassets; sourceTree = "<group>"; };
		09D83B4B230C7D49006222B8 /* Base */ = {isa = PBXFileReference; lastKnownFileType = file.storyboard; name = Base; path = Base.lproj/LaunchScreen.storyboard; sourceTree = "<group>"; };
		09D83B4D230C7D49006222B8 /* Info.plist */ = {isa = PBXFileReference; lastKnownFileType = text.plist.xml; path = Info.plist; sourceTree = "<group>"; };
		09D83B52230C7D4A006222B8 /* RealEyes_CodingChallengeTests.xctest */ = {isa = PBXFileReference; explicitFileType = wrapper.cfbundle; includeInIndex = 0; path = RealEyes_CodingChallengeTests.xctest; sourceTree = BUILT_PRODUCTS_DIR; };
		09D83B56230C7D4A006222B8 /* RealEyes_CodingChallengeTests.swift */ = {isa = PBXFileReference; lastKnownFileType = sourcecode.swift; path = RealEyes_CodingChallengeTests.swift; sourceTree = "<group>"; };
		09D83B58230C7D4A006222B8 /* Info.plist */ = {isa = PBXFileReference; lastKnownFileType = text.plist.xml; path = Info.plist; sourceTree = "<group>"; };
/* End PBXFileReference section */

/* Begin PBXFrameworksBuildPhase section */
		09D83B3B230C7D47006222B8 /* Frameworks */ = {
			isa = PBXFrameworksBuildPhase;
			buildActionMask = 2147483647;
			files = (
			);
			runOnlyForDeploymentPostprocessing = 0;
		};
		09D83B4F230C7D4A006222B8 /* Frameworks */ = {
			isa = PBXFrameworksBuildPhase;
			buildActionMask = 2147483647;
			files = (
			);
			runOnlyForDeploymentPostprocessing = 0;
		};
/* End PBXFrameworksBuildPhase section */

/* Begin PBXGroup section */
		09B372CD230CFEEC0011F580 /* StoryBoard */ = {
			isa = PBXGroup;
			children = (
				09D83B45230C7D47006222B8 /* Main.storyboard */,
			);
			path = StoryBoard;
			sourceTree = "<group>";
		};
		09B372CE230CFF340011F580 /* Views */ = {
			isa = PBXGroup;
			children = (
				091EDC2F230DDCC900DAE930 /* CustomPlayer.xib */,
				091EDC33230DE39600DAE930 /* PlayerView.swift */,
				09C13A3A230F4BD70097DB39 /* LoadingScreen.swift */,
			);
			path = Views;
			sourceTree = "<group>";
		};
		09B372CF230CFF3C0011F580 /* Models */ = {
			isa = PBXGroup;
			children = (
				091EDC2D230DC0CA00DAE930 /* SourceModel.swift */,
				091EDC31230DE36F00DAE930 /* PlayerModel.swift */,
				091EDC37230DF6F100DAE930 /* Video.swift */,
			);
			path = Models;
			sourceTree = "<group>";
		};
		09B372D0230CFF500011F580 /* ViewModel */ = {
			isa = PBXGroup;
			children = (
				09289B9223146E0000176436 /* ListVCViewModel.swift */,
				09289B962314991100176436 /* DetailVCViewModel.swift */,
			);
			path = ViewModel;
			sourceTree = "<group>";
		};
		09C13A37230F40D20097DB39 /* Extensions */ = {
			isa = PBXGroup;
			children = (
				09C13A38230F40F70097DB39 /* Extensions+UIViewController.swift */,
				09C13A3C230F8BDD0097DB39 /* Extensions+UICollectionView.swift */,
			);
			path = Extensions;
			sourceTree = "<group>";
		};
		09CF219D230F21B100EB2661 /* Custom Cells */ = {
			isa = PBXGroup;
			children = (
				09CF219E230F21CF00EB2661 /* MainListCollectionViewCell.swift */,
			);
			path = "Custom Cells";
			sourceTree = "<group>";
		};
		09CF21A0230F2C3500EB2661 /* Thumbnails */ = {
			isa = PBXGroup;
			children = (
				09CF21A3230F398500EB2661 /* videoStillFrame2.png */,
				09CF21A1230F2C5800EB2661 /* videoStillFrame1.png */,
				09631FE223170F7200FB3790 /* ABCNews.jpg */,
			);
			path = Thumbnails;
			sourceTree = "<group>";
		};
		09D83B35230C7D47006222B8 = {
			isa = PBXGroup;
			children = (
				09D83B40230C7D47006222B8 /* RealEyes_CodingChallenge */,
				09D83B55230C7D4A006222B8 /* RealEyes_CodingChallengeTests */,
				09D83B3F230C7D47006222B8 /* Products */,
			);
			sourceTree = "<group>";
		};
		09D83B3F230C7D47006222B8 /* Products */ = {
			isa = PBXGroup;
			children = (
				09D83B3E230C7D47006222B8 /* RealEyes_CodingChallenge.app */,
				09D83B52230C7D4A006222B8 /* RealEyes_CodingChallengeTests.xctest */,
			);
			name = Products;
			sourceTree = "<group>";
		};
		09D83B40230C7D47006222B8 /* RealEyes_CodingChallenge */ = {
			isa = PBXGroup;
			children = (
				09C13A37230F40D20097DB39 /* Extensions */,
				09CF21A0230F2C3500EB2661 /* Thumbnails */,
				09CF219D230F21B100EB2661 /* Custom Cells */,
				09B372D0230CFF500011F580 /* ViewModel */,
				09B372CF230CFF3C0011F580 /* Models */,
				09B372CE230CFF340011F580 /* Views */,
				09B372CD230CFEEC0011F580 /* StoryBoard */,
				09D83B63230CFEAD006222B8 /* Controllers */,
				09D83B61230CF537006222B8 /* Supporting files */,
				09D83B4D230C7D49006222B8 /* Info.plist */,
			);
			path = RealEyes_CodingChallenge;
			sourceTree = "<group>";
		};
		09D83B55230C7D4A006222B8 /* RealEyes_CodingChallengeTests */ = {
			isa = PBXGroup;
			children = (
				09D83B56230C7D4A006222B8 /* RealEyes_CodingChallengeTests.swift */,
				09D83B58230C7D4A006222B8 /* Info.plist */,
			);
			path = RealEyes_CodingChallengeTests;
			sourceTree = "<group>";
		};
		09D83B61230CF537006222B8 /* Supporting files */ = {
			isa = PBXGroup;
			children = (
				09D83B41230C7D47006222B8 /* AppDelegate.swift */,
				09D83B48230C7D49006222B8 /* Assets.xcassets */,
				09D83B4A230C7D49006222B8 /* LaunchScreen.storyboard */,
				091EDC3B230DFD2200DAE930 /* AppUtilities.swift */,
			);
			name = "Supporting files";
			path = "../Supporting files";
			sourceTree = "<group>";
		};
		09D83B63230CFEAD006222B8 /* Controllers */ = {
			isa = PBXGroup;
			children = (
				09D83B43230C7D47006222B8 /* ListViewController.swift */,
				091EDC35230DE71B00DAE930 /* DetailViewController.swift */,
				09289B94231478CA00176436 /* PlayerViewController.swift */,
			);
			path = Controllers;
			sourceTree = "<group>";
		};
/* End PBXGroup section */

/* Begin PBXNativeTarget section */
		09D83B3D230C7D47006222B8 /* RealEyes_CodingChallenge */ = {
			isa = PBXNativeTarget;
			buildConfigurationList = 09D83B5B230C7D4A006222B8 /* Build configuration list for PBXNativeTarget "RealEyes_CodingChallenge" */;
			buildPhases = (
				09D83B3A230C7D47006222B8 /* Sources */,
				09D83B3B230C7D47006222B8 /* Frameworks */,
				09D83B3C230C7D47006222B8 /* Resources */,
			);
			buildRules = (
			);
			dependencies = (
			);
			name = RealEyes_CodingChallenge;
			productName = RealEyes_CodingChallenge;
			productReference = 09D83B3E230C7D47006222B8 /* RealEyes_CodingChallenge.app */;
			productType = "com.apple.product-type.application";
		};
		09D83B51230C7D4A006222B8 /* RealEyes_CodingChallengeTests */ = {
			isa = PBXNativeTarget;
			buildConfigurationList = 09D83B5E230C7D4A006222B8 /* Build configuration list for PBXNativeTarget "RealEyes_CodingChallengeTests" */;
			buildPhases = (
				09D83B4E230C7D4A006222B8 /* Sources */,
				09D83B4F230C7D4A006222B8 /* Frameworks */,
				09D83B50230C7D4A006222B8 /* Resources */,
			);
			buildRules = (
			);
			dependencies = (
				09D83B54230C7D4A006222B8 /* PBXTargetDependency */,
			);
			name = RealEyes_CodingChallengeTests;
			productName = RealEyes_CodingChallengeTests;
			productReference = 09D83B52230C7D4A006222B8 /* RealEyes_CodingChallengeTests.xctest */;
			productType = "com.apple.product-type.bundle.unit-test";
		};
/* End PBXNativeTarget section */

/* Begin PBXProject section */
		09D83B36230C7D47006222B8 /* Project object */ = {
			isa = PBXProject;
			attributes = {
				LastSwiftUpdateCheck = 1020;
				LastUpgradeCheck = 1020;
				ORGANIZATIONNAME = "Oniel Rosario";
				TargetAttributes = {
					09D83B3D230C7D47006222B8 = {
						CreatedOnToolsVersion = 10.2;
					};
					09D83B51230C7D4A006222B8 = {
						CreatedOnToolsVersion = 10.2;
						TestTargetID = 09D83B3D230C7D47006222B8;
					};
				};
			};
			buildConfigurationList = 09D83B39230C7D47006222B8 /* Build configuration list for PBXProject "RealEyes_CodingChallenge" */;
			compatibilityVersion = "Xcode 9.3";
			developmentRegion = en;
			hasScannedForEncodings = 0;
			knownRegions = (
				en,
				Base,
			);
			mainGroup = 09D83B35230C7D47006222B8;
			productRefGroup = 09D83B3F230C7D47006222B8 /* Products */;
			projectDirPath = "";
			projectRoot = "";
			targets = (
				09D83B3D230C7D47006222B8 /* RealEyes_CodingChallenge */,
				09D83B51230C7D4A006222B8 /* RealEyes_CodingChallengeTests */,
			);
		};
/* End PBXProject section */

/* Begin PBXResourcesBuildPhase section */
		09D83B3C230C7D47006222B8 /* Resources */ = {
			isa = PBXResourcesBuildPhase;
			buildActionMask = 2147483647;
			files = (
				09D83B4C230C7D49006222B8 /* LaunchScreen.storyboard in Resources */,
				09CF21A2230F2C5900EB2661 /* videoStillFrame1.png in Resources */,
				09631FE323170F7200FB3790 /* ABCNews.jpg in Resources */,
				091EDC30230DDCC900DAE930 /* CustomPlayer.xib in Resources */,
				09CF21A4230F398500EB2661 /* videoStillFrame2.png in Resources */,
				09D83B49230C7D49006222B8 /* Assets.xcassets in Resources */,
				09D83B47230C7D47006222B8 /* Main.storyboard in Resources */,
			);
			runOnlyForDeploymentPostprocessing = 0;
		};
		09D83B50230C7D4A006222B8 /* Resources */ = {
			isa = PBXResourcesBuildPhase;
			buildActionMask = 2147483647;
			files = (
			);
			runOnlyForDeploymentPostprocessing = 0;
		};
/* End PBXResourcesBuildPhase section */

/* Begin PBXSourcesBuildPhase section */
		09D83B3A230C7D47006222B8 /* Sources */ = {
			isa = PBXSourcesBuildPhase;
			buildActionMask = 2147483647;
			files = (
				091EDC32230DE36F00DAE930 /* PlayerModel.swift in Sources */,
				09C13A3B230F4BD70097DB39 /* LoadingScreen.swift in Sources */,
				091EDC3C230DFD2200DAE930 /* AppUtilities.swift in Sources */,
				09289B95231478CA00176436 /* PlayerViewController.swift in Sources */,
				09C13A39230F40F70097DB39 /* Extensions+UIViewController.swift in Sources */,
				09CF219F230F21CF00EB2661 /* MainListCollectionViewCell.swift in Sources */,
				09D83B44230C7D47006222B8 /* ListViewController.swift in Sources */,
				09289B972314991100176436 /* DetailVCViewModel.swift in Sources */,
				091EDC34230DE39600DAE930 /* PlayerView.swift in Sources */,
				09289B9323146E0000176436 /* ListVCViewModel.swift in Sources */,
				091EDC2E230DC0CA00DAE930 /* SourceModel.swift in Sources */,
				09C13A3D230F8BDD0097DB39 /* Extensions+UICollectionView.swift in Sources */,
				09D83B42230C7D47006222B8 /* AppDelegate.swift in Sources */,
				091EDC36230DE71B00DAE930 /* DetailViewController.swift in Sources */,
				091EDC38230DF6F100DAE930 /* Video.swift in Sources */,
			);
			runOnlyForDeploymentPostprocessing = 0;
		};
		09D83B4E230C7D4A006222B8 /* Sources */ = {
			isa = PBXSourcesBuildPhase;
			buildActionMask = 2147483647;
			files = (
				09D83B57230C7D4A006222B8 /* RealEyes_CodingChallengeTests.swift in Sources */,
			);
			runOnlyForDeploymentPostprocessing = 0;
		};
/* End PBXSourcesBuildPhase section */

/* Begin PBXTargetDependency section */
		09D83B54230C7D4A006222B8 /* PBXTargetDependency */ = {
			isa = PBXTargetDependency;
			target = 09D83B3D230C7D47006222B8 /* RealEyes_CodingChallenge */;
			targetProxy = 09D83B53230C7D4A006222B8 /* PBXContainerItemProxy */;
		};
/* End PBXTargetDependency section */

/* Begin PBXVariantGroup section */
		09D83B45230C7D47006222B8 /* Main.storyboard */ = {
			isa = PBXVariantGroup;
			children = (
				09D83B46230C7D47006222B8 /* Base */,
			);
			name = Main.storyboard;
			sourceTree = "<group>";
		};
		09D83B4A230C7D49006222B8 /* LaunchScreen.storyboard */ = {
			isa = PBXVariantGroup;
			children = (
				09D83B4B230C7D49006222B8 /* Base */,
			);
			name = LaunchScreen.storyboard;
			sourceTree = "<group>";
		};
/* End PBXVariantGroup section */

/* Begin XCBuildConfiguration section */
		09D83B59230C7D4A006222B8 /* Debug */ = {
			isa = XCBuildConfiguration;
			buildSettings = {
				ALWAYS_SEARCH_USER_PATHS = NO;
				CLANG_ANALYZER_NONNULL = YES;
				CLANG_ANALYZER_NUMBER_OBJECT_CONVERSION = YES_AGGRESSIVE;
				CLANG_CXX_LANGUAGE_STANDARD = "gnu++14";
				CLANG_CXX_LIBRARY = "libc++";
				CLANG_ENABLE_MODULES = YES;
				CLANG_ENABLE_OBJC_ARC = YES;
				CLANG_ENABLE_OBJC_WEAK = YES;
				CLANG_WARN_BLOCK_CAPTURE_AUTORELEASING = YES;
				CLANG_WARN_BOOL_CONVERSION = YES;
				CLANG_WARN_COMMA = YES;
				CLANG_WARN_CONSTANT_CONVERSION = YES;
				CLANG_WARN_DEPRECATED_OBJC_IMPLEMENTATIONS = YES;
				CLANG_WARN_DIRECT_OBJC_ISA_USAGE = YES_ERROR;
				CLANG_WARN_DOCUMENTATION_COMMENTS = YES;
				CLANG_WARN_EMPTY_BODY = YES;
				CLANG_WARN_ENUM_CONVERSION = YES;
				CLANG_WARN_INFINITE_RECURSION = YES;
				CLANG_WARN_INT_CONVERSION = YES;
				CLANG_WARN_NON_LITERAL_NULL_CONVERSION = YES;
				CLANG_WARN_OBJC_IMPLICIT_RETAIN_SELF = YES;
				CLANG_WARN_OBJC_LITERAL_CONVERSION = YES;
				CLANG_WARN_OBJC_ROOT_CLASS = YES_ERROR;
				CLANG_WARN_RANGE_LOOP_ANALYSIS = YES;
				CLANG_WARN_STRICT_PROTOTYPES = YES;
				CLANG_WARN_SUSPICIOUS_MOVE = YES;
				CLANG_WARN_UNGUARDED_AVAILABILITY = YES_AGGRESSIVE;
				CLANG_WARN_UNREACHABLE_CODE = YES;
				CLANG_WARN__DUPLICATE_METHOD_MATCH = YES;
				CODE_SIGN_IDENTITY = "iPhone Developer";
				COPY_PHASE_STRIP = NO;
				DEBUG_INFORMATION_FORMAT = dwarf;
				ENABLE_STRICT_OBJC_MSGSEND = YES;
				ENABLE_TESTABILITY = YES;
				GCC_C_LANGUAGE_STANDARD = gnu11;
				GCC_DYNAMIC_NO_PIC = NO;
				GCC_NO_COMMON_BLOCKS = YES;
				GCC_OPTIMIZATION_LEVEL = 0;
				GCC_PREPROCESSOR_DEFINITIONS = (
					"DEBUG=1",
					"$(inherited)",
				);
				GCC_WARN_64_TO_32_BIT_CONVERSION = YES;
				GCC_WARN_ABOUT_RETURN_TYPE = YES_ERROR;
				GCC_WARN_UNDECLARED_SELECTOR = YES;
				GCC_WARN_UNINITIALIZED_AUTOS = YES_AGGRESSIVE;
				GCC_WARN_UNUSED_FUNCTION = YES;
				GCC_WARN_UNUSED_VARIABLE = YES;
				IPHONEOS_DEPLOYMENT_TARGET = 12.2;
				MTL_ENABLE_DEBUG_INFO = INCLUDE_SOURCE;
				MTL_FAST_MATH = YES;
				ONLY_ACTIVE_ARCH = YES;
				SDKROOT = iphoneos;
				SWIFT_ACTIVE_COMPILATION_CONDITIONS = DEBUG;
				SWIFT_OPTIMIZATION_LEVEL = "-Onone";
			};
			name = Debug;
		};
		09D83B5A230C7D4A006222B8 /* Release */ = {
			isa = XCBuildConfiguration;
			buildSettings = {
				ALWAYS_SEARCH_USER_PATHS = NO;
				CLANG_ANALYZER_NONNULL = YES;
				CLANG_ANALYZER_NUMBER_OBJECT_CONVERSION = YES_AGGRESSIVE;
				CLANG_CXX_LANGUAGE_STANDARD = "gnu++14";
				CLANG_CXX_LIBRARY = "libc++";
				CLANG_ENABLE_MODULES = YES;
				CLANG_ENABLE_OBJC_ARC = YES;
				CLANG_ENABLE_OBJC_WEAK = YES;
				CLANG_WARN_BLOCK_CAPTURE_AUTORELEASING = YES;
				CLANG_WARN_BOOL_CONVERSION = YES;
				CLANG_WARN_COMMA = YES;
				CLANG_WARN_CONSTANT_CONVERSION = YES;
				CLANG_WARN_DEPRECATED_OBJC_IMPLEMENTATIONS = YES;
				CLANG_WARN_DIRECT_OBJC_ISA_USAGE = YES_ERROR;
				CLANG_WARN_DOCUMENTATION_COMMENTS = YES;
				CLANG_WARN_EMPTY_BODY = YES;
				CLANG_WARN_ENUM_CONVERSION = YES;
				CLANG_WARN_INFINITE_RECURSION = YES;
				CLANG_WARN_INT_CONVERSION = YES;
				CLANG_WARN_NON_LITERAL_NULL_CONVERSION = YES;
				CLANG_WARN_OBJC_IMPLICIT_RETAIN_SELF = YES;
				CLANG_WARN_OBJC_LITERAL_CONVERSION = YES;
				CLANG_WARN_OBJC_ROOT_CLASS = YES_ERROR;
				CLANG_WARN_RANGE_LOOP_ANALYSIS = YES;
				CLANG_WARN_STRICT_PROTOTYPES = YES;
				CLANG_WARN_SUSPICIOUS_MOVE = YES;
				CLANG_WARN_UNGUARDED_AVAILABILITY = YES_AGGRESSIVE;
				CLANG_WARN_UNREACHABLE_CODE = YES;
				CLANG_WARN__DUPLICATE_METHOD_MATCH = YES;
				CODE_SIGN_IDENTITY = "iPhone Developer";
				COPY_PHASE_STRIP = NO;
				DEBUG_INFORMATION_FORMAT = "dwarf-with-dsym";
				ENABLE_NS_ASSERTIONS = NO;
				ENABLE_STRICT_OBJC_MSGSEND = YES;
				GCC_C_LANGUAGE_STANDARD = gnu11;
				GCC_NO_COMMON_BLOCKS = YES;
				GCC_WARN_64_TO_32_BIT_CONVERSION = YES;
				GCC_WARN_ABOUT_RETURN_TYPE = YES_ERROR;
				GCC_WARN_UNDECLARED_SELECTOR = YES;
				GCC_WARN_UNINITIALIZED_AUTOS = YES_AGGRESSIVE;
				GCC_WARN_UNUSED_FUNCTION = YES;
				GCC_WARN_UNUSED_VARIABLE = YES;
				IPHONEOS_DEPLOYMENT_TARGET = 12.2;
				MTL_ENABLE_DEBUG_INFO = NO;
				MTL_FAST_MATH = YES;
				SDKROOT = iphoneos;
				SWIFT_COMPILATION_MODE = wholemodule;
				SWIFT_OPTIMIZATION_LEVEL = "-O";
				VALIDATE_PRODUCT = YES;
			};
			name = Release;
		};
		09D83B5C230C7D4A006222B8 /* Debug */ = {
			isa = XCBuildConfiguration;
			buildSettings = {
				ASSETCATALOG_COMPILER_APPICON_NAME = AppIcon;
				CODE_SIGN_STYLE = Automatic;
				DEVELOPMENT_TEAM = "";
				INFOPLIST_FILE = RealEyes_CodingChallenge/Info.plist;
				LD_RUNPATH_SEARCH_PATHS = (
					"$(inherited)",
					"@executable_path/Frameworks",
				);
				PRODUCT_BUNDLE_IDENTIFIER = "oRose.RealEyes-CodingChallenge";
				PRODUCT_NAME = "$(TARGET_NAME)";
				SWIFT_VERSION = 5.0;
				TARGETED_DEVICE_FAMILY = "1,2";
			};
			name = Debug;
		};
		09D83B5D230C7D4A006222B8 /* Release */ = {
			isa = XCBuildConfiguration;
			buildSettings = {
				ASSETCATALOG_COMPILER_APPICON_NAME = AppIcon;
				CODE_SIGN_STYLE = Automatic;
				DEVELOPMENT_TEAM = "";
				INFOPLIST_FILE = RealEyes_CodingChallenge/Info.plist;
				LD_RUNPATH_SEARCH_PATHS = (
					"$(inherited)",
					"@executable_path/Frameworks",
				);
				PRODUCT_BUNDLE_IDENTIFIER = "oRose.RealEyes-CodingChallenge";
				PRODUCT_NAME = "$(TARGET_NAME)";
				SWIFT_VERSION = 5.0;
				TARGETED_DEVICE_FAMILY = "1,2";
			};
			name = Release;
		};
		09D83B5F230C7D4A006222B8 /* Debug */ = {
			isa = XCBuildConfiguration;
			buildSettings = {
				ALWAYS_EMBED_SWIFT_STANDARD_LIBRARIES = YES;
				BUNDLE_LOADER = "$(TEST_HOST)";
				CODE_SIGN_STYLE = Automatic;
				DEVELOPMENT_TEAM = AVC7FB3M8N;
				INFOPLIST_FILE = RealEyes_CodingChallengeTests/Info.plist;
				LD_RUNPATH_SEARCH_PATHS = (
					"$(inherited)",
					"@executable_path/Frameworks",
					"@loader_path/Frameworks",
				);
				PRODUCT_BUNDLE_IDENTIFIER = "oRose.RealEyes-CodingChallengeTests";
				PRODUCT_NAME = "$(TARGET_NAME)";
				SWIFT_VERSION = 5.0;
				TARGETED_DEVICE_FAMILY = "1,2";
				TEST_HOST = "$(BUILT_PRODUCTS_DIR)/RealEyes_CodingChallenge.app/RealEyes_CodingChallenge";
			};
			name = Debug;
		};
		09D83B60230C7D4A006222B8 /* Release */ = {
			isa = XCBuildConfiguration;
			buildSettings = {
				ALWAYS_EMBED_SWIFT_STANDARD_LIBRARIES = YES;
				BUNDLE_LOADER = "$(TEST_HOST)";
				CODE_SIGN_STYLE = Automatic;
				DEVELOPMENT_TEAM = AVC7FB3M8N;
				INFOPLIST_FILE = RealEyes_CodingChallengeTests/Info.plist;
				LD_RUNPATH_SEARCH_PATHS = (
					"$(inherited)",
					"@executable_path/Frameworks",
					"@loader_path/Frameworks",
				);
				PRODUCT_BUNDLE_IDENTIFIER = "oRose.RealEyes-CodingChallengeTests";
				PRODUCT_NAME = "$(TARGET_NAME)";
				SWIFT_VERSION = 5.0;
				TARGETED_DEVICE_FAMILY = "1,2";
				TEST_HOST = "$(BUILT_PRODUCTS_DIR)/RealEyes_CodingChallenge.app/RealEyes_CodingChallenge";
			};
			name = Release;
		};
/* End XCBuildConfiguration section */

/* Begin XCConfigurationList section */
		09D83B39230C7D47006222B8 /* Build configuration list for PBXProject "RealEyes_CodingChallenge" */ = {
			isa = XCConfigurationList;
			buildConfigurations = (
				09D83B59230C7D4A006222B8 /* Debug */,
				09D83B5A230C7D4A006222B8 /* Release */,
			);
			defaultConfigurationIsVisible = 0;
			defaultConfigurationName = Release;
		};
		09D83B5B230C7D4A006222B8 /* Build configuration list for PBXNativeTarget "RealEyes_CodingChallenge" */ = {
			isa = XCConfigurationList;
			buildConfigurations = (
				09D83B5C230C7D4A006222B8 /* Debug */,
				09D83B5D230C7D4A006222B8 /* Release */,
			);
			defaultConfigurationIsVisible = 0;
			defaultConfigurationName = Release;
		};
		09D83B5E230C7D4A006222B8 /* Build configuration list for PBXNativeTarget "RealEyes_CodingChallengeTests" */ = {
			isa = XCConfigurationList;
			buildConfigurations = (
				09D83B5F230C7D4A006222B8 /* Debug */,
				09D83B60230C7D4A006222B8 /* Release */,
			);
			defaultConfigurationIsVisible = 0;
			defaultConfigurationName = Release;
		};
/* End XCConfigurationList section */
	};
	rootObject = 09D83B36230C7D47006222B8 /* Project object */;
}
